
Microsoft Visual Studio Solution File, Format Version 12.00
# Visual Studio 15
Project("{FAE04EC0-301F-11D3-BF4B-00C04F79EFBC}") = "Assembly-CSharp-Editor", "Assembly-CSharp-Editor.csproj", "{BE014DCC-BB81-33F4-2BDA-0FD528AF8527}"
EndProject
Project("{FAE04EC0-301F-11D3-BF4B-00C04F79EFBC}") = "Assembly-CSharp", "Assembly-CSharp.csproj", "{15CC9AC2-1684-030D-AE86-E74902AF0E84}"
EndProject
Global
	GlobalSection(SolutionConfigurationPlatforms) = preSolution
		Debug|Any CPU = Debug|Any CPU
		Release|Any CPU = Release|Any CPU
	EndGlobalSection
	GlobalSection(ProjectConfigurationPlatforms) = postSolution
		{BE014DCC-BB81-33F4-2BDA-0FD528AF8527}.Debug|Any CPU.ActiveCfg = Debug|Any CPU
		{BE014DCC-BB81-33F4-2BDA-0FD528AF8527}.Debug|Any CPU.Build.0 = Debug|Any CPU
		{BE014DCC-BB81-33F4-2BDA-0FD528AF8527}.Release|Any CPU.ActiveCfg = Release|Any CPU
		{BE014DCC-BB81-33F4-2BDA-0FD528AF8527}.Release|Any CPU.Build.0 = Release|Any CPU
		{15CC9AC2-1684-030D-AE86-E74902AF0E84}.Debug|Any CPU.ActiveCfg = Debug|Any CPU
		{15CC9AC2-1684-030D-AE86-E74902AF0E84}.Debug|Any CPU.Build.0 = Debug|Any CPU
		{15CC9AC2-1684-030D-AE86-E74902AF0E84}.Release|Any CPU.ActiveCfg = Release|Any CPU
		{15CC9AC2-1684-030D-AE86-E74902AF0E84}.Release|Any CPU.Build.0 = Release|Any CPU
	EndGlobalSection
	GlobalSection(SolutionProperties) = preSolution
		HideSolutionNode = FALSE
	EndGlobalSection
EndGlobal
